
Microsoft Visual Studio Solution File, Format Version 12.00
# Visual Studio 2013
VisualStudioVersion = 12.0.31101.0
MinimumVisualStudioVersion = 10.0.40219.1
Project("{FAE04EC0-301F-11D3-BF4B-00C04F79EFBC}") = "OneCog.Io.Philips.Hue", "OneCog.Io.Philips.Hue\OneCog.Io.Philips.Hue.csproj", "{8FA81678-83E5-455B-9C90-3A8474EB82D1}"
EndProject
Project("{FAE04EC0-301F-11D3-BF4B-00C04F79EFBC}") = "OneCog.Io.Philips.Hue.Tests", "OneCog.Io.Philips.Hue.Tests\OneCog.Io.Philips.Hue.Tests.csproj", "{4A198301-6A92-415F-B76A-6587A6DE08A3}"
EndProject
Global
	GlobalSection(SolutionConfigurationPlatforms) = preSolution
		Debug|Any CPU = Debug|Any CPU
		Release|Any CPU = Release|Any CPU
	EndGlobalSection
	GlobalSection(ProjectConfigurationPlatforms) = postSolution
		{8FA81678-83E5-455B-9C90-3A8474EB82D1}.Debug|Any CPU.ActiveCfg = Debug|Any CPU
		{8FA81678-83E5-455B-9C90-3A8474EB82D1}.Debug|Any CPU.Build.0 = Debug|Any CPU
		{8FA81678-83E5-455B-9C90-3A8474EB82D1}.Release|Any CPU.ActiveCfg = Release|Any CPU
		{8FA81678-83E5-455B-9C90-3A8474EB82D1}.Release|Any CPU.Build.0 = Release|Any CPU
		{4A198301-6A92-415F-B76A-6587A6DE08A3}.Debug|Any CPU.ActiveCfg = Debug|Any CPU
		{4A198301-6A92-415F-B76A-6587A6DE08A3}.Debug|Any CPU.Build.0 = Debug|Any CPU
		{4A198301-6A92-415F-B76A-6587A6DE08A3}.Release|Any CPU.ActiveCfg = Release|Any CPU
		{4A198301-6A92-415F-B76A-6587A6DE08A3}.Release|Any CPU.Build.0 = Release|Any CPU
	EndGlobalSection
	GlobalSection(SolutionProperties) = preSolution
		HideSolutionNode = FALSE
	EndGlobalSection
EndGlobal
